{
  "meteor": {
    "git": "https://github.com/meteor/meteor.git",
    "branch": "master",
    "commit": "5d736d4bf0448c7db1f9b47124dfafc34a9631bb"
  },
  "dependencies": {
    "basePackages": {
      "flot": {}
    },
    "packages": {
      "flot": {
        "git": "https://github.com/austinrivas/meteor-flot.git",
        "tag": "v1.0.0",
        "commit": "324c59032b5b4925f9b478d73170d8055113c664"
      }
    }
  }
}
